// !$*UTF8*$!
{
	archiveVersion = 1;
	classes = {
	};
	objectVersion = 50;
	objects = {

/* Begin PBXBuildFile section */
		B1E1DAAB25330C1400AAD1C8 /* main.c in Sources */ = {isa = PBXBuildFile; fileRef = B1E1DAAA25330C1400AAD1C8 /* main.c */; };
		B1E1DABD25330C4900AAD1C8 /* libavresample.a in Frameworks */ = {isa = PBXBuildFile; fileRef = B1E1DAB425330C4900AAD1C8 /* libavresample.a */; };
		B1E1DABE25330C4900AAD1C8 /* libavcodec.a in Frameworks */ = {isa = PBXBuildFile; fileRef = B1E1DAB525330C4900AAD1C8 /* libavcodec.a */; };
		B1E1DABF25330C4900AAD1C8 /* libavdevice.a in Frameworks */ = {isa = PBXBuildFile; fileRef = B1E1DAB625330C4900AAD1C8 /* libavdevice.a */; };
		B1E1DAC025330C4900AAD1C8 /* libpostproc.a in Frameworks */ = {isa = PBXBuildFile; fileRef = B1E1DAB725330C4900AAD1C8 /* libpostproc.a */; };
		B1E1DAC125330C4900AAD1C8 /* libswscale.a in Frameworks */ = {isa = PBXBuildFile; fileRef = B1E1DAB825330C4900AAD1C8 /* libswscale.a */; };
		B1E1DAC225330C4900AAD1C8 /* libavformat.a in Frameworks */ = {isa = PBXBuildFile; fileRef = B1E1DAB925330C4900AAD1C8 /* libavformat.a */; };
		B1E1DAC325330C4900AAD1C8 /* libavutil.a in Frameworks */ = {isa = PBXBuildFile; fileRef = B1E1DABA25330C4900AAD1C8 /* libavutil.a */; };
		B1E1DAC425330C4900AAD1C8 /* libswresample.a in Frameworks */ = {isa = PBXBuildFile; fileRef = B1E1DABB25330C4900AAD1C8 /* libswresample.a */; };
		B1E1DAC525330C4900AAD1C8 /* libavfilter.a in Frameworks */ = {isa = PBXBuildFile; fileRef = B1E1DABC25330C4900AAD1C8 /* libavfilter.a */; };
		B1E1DAC825330D2300AAD1C8 /* SDL2.framework in Frameworks */ = {isa = PBXBuildFile; fileRef = B1E1DAC725330D2300AAD1C8 /* SDL2.framework */; };
/* End PBXBuildFile section */

/* Begin PBXCopyFilesBuildPhase section */
		B1E1DAA525330C1400AAD1C8 /* CopyFiles */ = {
			isa = PBXCopyFilesBuildPhase;
			buildActionMask = 2147483647;
			dstPath = /usr/share/man/man1/;
			dstSubfolderSpec = 0;
			files = (
			);
			runOnlyForDeploymentPostprocessing = 1;
		};
/* End PBXCopyFilesBuildPhase section */

/* Begin PBXFileReference section */
		B1E1DAA725330C1400AAD1C8 /* tutorial02 */ = {isa = PBXFileReference; explicitFileType = "compiled.mach-o.executable"; includeInIndex = 0; path = tutorial02; sourceTree = BUILT_PRODUCTS_DIR; };
		B1E1DAAA25330C1400AAD1C8 /* main.c */ = {isa = PBXFileReference; lastKnownFileType = sourcecode.c.c; path = main.c; sourceTree = "<group>"; };
		B1E1DAB425330C4900AAD1C8 /* libavresample.a */ = {isa = PBXFileReference; lastKnownFileType = archive.ar; name = libavresample.a; path = ../../../../../../../../usr/local/Cellar/ffmpeg/4.3.1_1/lib/libavresample.a; sourceTree = "<group>"; };
		B1E1DAB525330C4900AAD1C8 /* libavcodec.a */ = {isa = PBXFileReference; lastKnownFileType = archive.ar; name = libavcodec.a; path = ../../../../../../../../usr/local/Cellar/ffmpeg/4.3.1_1/lib/libavcodec.a; sourceTree = "<group>"; };
		B1E1DAB625330C4900AAD1C8 /* libavdevice.a */ = {isa = PBXFileReference; lastKnownFileType = archive.ar; name = libavdevice.a; path = ../../../../../../../../usr/local/Cellar/ffmpeg/4.3.1_1/lib/libavdevice.a; sourceTree = "<group>"; };
		B1E1DAB725330C4900AAD1C8 /* libpostproc.a */ = {isa = PBXFileReference; lastKnownFileType = archive.ar; name = libpostproc.a; path = ../../../../../../../../usr/local/Cellar/ffmpeg/4.3.1_1/lib/libpostproc.a; sourceTree = "<group>"; };
		B1E1DAB825330C4900AAD1C8 /* libswscale.a */ = {isa = PBXFileReference; lastKnownFileType = archive.ar; name = libswscale.a; path = ../../../../../../../../usr/local/Cellar/ffmpeg/4.3.1_1/lib/libswscale.a; sourceTree = "<group>"; };
		B1E1DAB925330C4900AAD1C8 /* libavformat.a */ = {isa = PBXFileReference; lastKnownFileType = archive.ar; name = libavformat.a; path = ../../../../../../../../usr/local/Cellar/ffmpeg/4.3.1_1/lib/libavformat.a; sourceTree = "<group>"; };
		B1E1DABA25330C4900AAD1C8 /* libavutil.a */ = {isa = PBXFileReference; lastKnownFileType = archive.ar; name = libavutil.a; path = ../../../../../../../../usr/local/Cellar/ffmpeg/4.3.1_1/lib/libavutil.a; sourceTree = "<group>"; };
		B1E1DABB25330C4900AAD1C8 /* libswresample.a */ = {isa = PBXFileReference; lastKnownFileType = archive.ar; name = libswresample.a; path = ../../../../../../../../usr/local/Cellar/ffmpeg/4.3.1_1/lib/libswresample.a; sourceTree = "<group>"; };
		B1E1DABC25330C4900AAD1C8 /* libavfilter.a */ = {isa = PBXFileReference; lastKnownFileType = archive.ar; name = libavfilter.a; path = ../../../../../../../../usr/local/Cellar/ffmpeg/4.3.1_1/lib/libavfilter.a; sourceTree = "<group>"; };
		B1E1DAC725330D2300AAD1C8 /* SDL2.framework */ = {isa = PBXFileReference; lastKnownFileType = wrapper.framework; name = SDL2.framework; path = ../../../../../../../../Library/Frameworks/SDL2.framework; sourceTree = "<group>"; };
/* End PBXFileReference section */

/* Begin PBXFrameworksBuildPhase section */
		B1E1DAA425330C1400AAD1C8 /* Frameworks */ = {
			isa = PBXFrameworksBuildPhase;
			buildActionMask = 2147483647;
			files = (
				B1E1DAC825330D2300AAD1C8 /* SDL2.framework in Frameworks */,
				B1E1DABD25330C4900AAD1C8 /* libavresample.a in Frameworks */,
				B1E1DABE25330C4900AAD1C8 /* libavcodec.a in Frameworks */,
				B1E1DABF25330C4900AAD1C8 /* libavdevice.a in Frameworks */,
				B1E1DAC025330C4900AAD1C8 /* libpostproc.a in Frameworks */,
				B1E1DAC125330C4900AAD1C8 /* libswscale.a in Frameworks */,
				B1E1DAC225330C4900AAD1C8 /* libavformat.a in Frameworks */,
				B1E1DAC325330C4900AAD1C8 /* libavutil.a in Frameworks */,
				B1E1DAC425330C4900AAD1C8 /* libswresample.a in Frameworks */,
				B1E1DAC525330C4900AAD1C8 /* libavfilter.a in Frameworks */,
			);
			runOnlyForDeploymentPostprocessing = 0;
		};
/* End PBXFrameworksBuildPhase section */

/* Begin PBXGroup section */
		B1E1DA9E25330C1400AAD1C8 = {
			isa = PBXGroup;
			children = (
				B1E1DAA925330C1400AAD1C8 /* tutorial02 */,
				B1E1DAA825330C1400AAD1C8 /* Products */,
				B1E1DAB325330C4900AAD1C8 /* Frameworks */,
			);
			sourceTree = "<group>";
		};
		B1E1DAA825330C1400AAD1C8 /* Products */ = {
			isa = PBXGroup;
			children = (
				B1E1DAA725330C1400AAD1C8 /* tutorial02 */,
			);
			name = Products;
			sourceTree = "<group>";
		};
		B1E1DAA925330C1400AAD1C8 /* tutorial02 */ = {
			isa = PBXGroup;
			children = (
				B1E1DAAA25330C1400AAD1C8 /* main.c */,
			);
			path = tutorial02;
			sourceTree = "<group>";
		};
		B1E1DAB325330C4900AAD1C8 /* Frameworks */ = {
			isa = PBXGroup;
			children = (
				B1E1DAC725330D2300AAD1C8 /* SDL2.framework */,
				B1E1DAB525330C4900AAD1C8 /* libavcodec.a */,
				B1E1DAB625330C4900AAD1C8 /* libavdevice.a */,
				B1E1DABC25330C4900AAD1C8 /* libavfilter.a */,
				B1E1DAB925330C4900AAD1C8 /* libavformat.a */,
				B1E1DAB425330C4900AAD1C8 /* libavresample.a */,
				B1E1DABA25330C4900AAD1C8 /* libavutil.a */,
				B1E1DAB725330C4900AAD1C8 /* libpostproc.a */,
				B1E1DABB25330C4900AAD1C8 /* libswresample.a */,
				B1E1DAB825330C4900AAD1C8 /* libswscale.a */,
			);
			name = Frameworks;
			sourceTree = "<group>";
		};
/* End PBXGroup section */

/* Begin PBXNativeTarget section */
		B1E1DAA625330C1400AAD1C8 /* tutorial02 */ = {
			isa = PBXNativeTarget;
			buildConfigurationList = B1E1DAAE25330C1400AAD1C8 /* Build configuration list for PBXNativeTarget "tutorial02" */;
			buildPhases = (
				B1E1DAA325330C1400AAD1C8 /* Sources */,
				B1E1DAA425330C1400AAD1C8 /* Frameworks */,
				B1E1DAA525330C1400AAD1C8 /* CopyFiles */,
			);
			buildRules = (
			);
			dependencies = (
			);
			name = tutorial02;
			productName = tutorial02;
			productReference = B1E1DAA725330C1400AAD1C8 /* tutorial02 */;
			productType = "com.apple.product-type.tool";
		};
/* End PBXNativeTarget section */

/* Begin PBXProject section */
		B1E1DA9F25330C1400AAD1C8 /* Project object */ = {
			isa = PBXProject;
			attributes = {
				LastUpgradeCheck = 1200;
				TargetAttributes = {
					B1E1DAA625330C1400AAD1C8 = {
						CreatedOnToolsVersion = 12.0.1;
					};
				};
			};
			buildConfigurationList = B1E1DAA225330C1400AAD1C8 /* Build configuration list for PBXProject "tutorial02" */;
			compatibilityVersion = "Xcode 9.3";
			developmentRegion = en;
			hasScannedForEncodings = 0;
			knownRegions = (
				en,
				Base,
			);
			mainGroup = B1E1DA9E25330C1400AAD1C8;
			productRefGroup = B1E1DAA825330C1400AAD1C8 /* Products */;
			projectDirPath = "";
			projectRoot = "";
			targets = (
				B1E1DAA625330C1400AAD1C8 /* tutorial02 */,
			);
		};
/* End PBXProject section */

/* Begin PBXSourcesBuildPhase section */
		B1E1DAA325330C1400AAD1C8 /* Sources */ = {
			isa = PBXSourcesBuildPhase;
			buildActionMask = 2147483647;
			files = (
				B1E1DAAB25330C1400AAD1C8 /* main.c in Sources */,
			);
			runOnlyForDeploymentPostprocessing = 0;
		};
/* End PBXSourcesBuildPhase section */

/* Begin XCBuildConfiguration section */
		B1E1DAAC25330C1400AAD1C8 /* Debug */ = {
			isa = XCBuildConfiguration;
			buildSettings = {
				ALWAYS_SEARCH_USER_PATHS = NO;
				CLANG_ANALYZER_NONNULL = YES;
				CLANG_ANALYZER_NUMBER_OBJECT_CONVERSION = YES_AGGRESSIVE;
				CLANG_CXX_LANGUAGE_STANDARD = "gnu++14";
				CLANG_CXX_LIBRARY = "libc++";
				CLANG_ENABLE_MODULES = YES;
				CLANG_ENABLE_OBJC_ARC = YES;
				CLANG_ENABLE_OBJC_WEAK = YES;
				CLANG_WARN_BLOCK_CAPTURE_AUTORELEASING = YES;
				CLANG_WARN_BOOL_CONVERSION = YES;
				CLANG_WARN_COMMA = YES;
				CLANG_WARN_CONSTANT_CONVERSION = YES;
				CLANG_WARN_DEPRECATED_OBJC_IMPLEMENTATIONS = YES;
				CLANG_WARN_DIRECT_OBJC_ISA_USAGE = YES_ERROR;
				CLANG_WARN_DOCUMENTATION_COMMENTS = YES;
				CLANG_WARN_EMPTY_BODY = YES;
				CLANG_WARN_ENUM_CONVERSION = YES;
				CLANG_WARN_INFINITE_RECURSION = YES;
				CLANG_WARN_INT_CONVERSION = YES;
				CLANG_WARN_NON_LITERAL_NULL_CONVERSION = YES;
				CLANG_WARN_OBJC_IMPLICIT_RETAIN_SELF = YES;
				CLANG_WARN_OBJC_LITERAL_CONVERSION = YES;
				CLANG_WARN_OBJC_ROOT_CLASS = YES_ERROR;
				CLANG_WARN_QUOTED_INCLUDE_IN_FRAMEWORK_HEADER = YES;
				CLANG_WARN_RANGE_LOOP_ANALYSIS = YES;
				CLANG_WARN_STRICT_PROTOTYPES = YES;
				CLANG_WARN_SUSPICIOUS_MOVE = YES;
				CLANG_WARN_UNGUARDED_AVAILABILITY = YES_AGGRESSIVE;
				CLANG_WARN_UNREACHABLE_CODE = YES;
				CLANG_WARN__DUPLICATE_METHOD_MATCH = YES;
				COPY_PHASE_STRIP = NO;
				DEBUG_INFORMATION_FORMAT = dwarf;
				ENABLE_STRICT_OBJC_MSGSEND = YES;
				ENABLE_TESTABILITY = YES;
				GCC_C_LANGUAGE_STANDARD = gnu11;
				GCC_DYNAMIC_NO_PIC = NO;
				GCC_NO_COMMON_BLOCKS = YES;
				GCC_OPTIMIZATION_LEVEL = 0;
				GCC_PREPROCESSOR_DEFINITIONS = (
					"DEBUG=1",
					"$(inherited)",
				);
				GCC_WARN_64_TO_32_BIT_CONVERSION = YES;
				GCC_WARN_ABOUT_RETURN_TYPE = YES_ERROR;
				GCC_WARN_UNDECLARED_SELECTOR = YES;
				GCC_WARN_UNINITIALIZED_AUTOS = YES_AGGRESSIVE;
				GCC_WARN_UNUSED_FUNCTION = YES;
				GCC_WARN_UNUSED_VARIABLE = YES;
				MACOSX_DEPLOYMENT_TARGET = 10.15;
				MTL_ENABLE_DEBUG_INFO = INCLUDE_SOURCE;
				MTL_FAST_MATH = YES;
				ONLY_ACTIVE_ARCH = YES;
				SDKROOT = macosx;
			};
			name = Debug;
		};
		B1E1DAAD25330C1400AAD1C8 /* Release */ = {
			isa = XCBuildConfiguration;
			buildSettings = {
				ALWAYS_SEARCH_USER_PATHS = NO;
				CLANG_ANALYZER_NONNULL = YES;
				CLANG_ANALYZER_NUMBER_OBJECT_CONVERSION = YES_AGGRESSIVE;
				CLANG_CXX_LANGUAGE_STANDARD = "gnu++14";
				CLANG_CXX_LIBRARY = "libc++";
				CLANG_ENABLE_MODULES = YES;
				CLANG_ENABLE_OBJC_ARC = YES;
				CLANG_ENABLE_OBJC_WEAK = YES;
				CLANG_WARN_BLOCK_CAPTURE_AUTORELEASING = YES;
				CLANG_WARN_BOOL_CONVERSION = YES;
				CLANG_WARN_COMMA = YES;
				CLANG_WARN_CONSTANT_CONVERSION = YES;
				CLANG_WARN_DEPRECATED_OBJC_IMPLEMENTATIONS = YES;
				CLANG_WARN_DIRECT_OBJC_ISA_USAGE = YES_ERROR;
				CLANG_WARN_DOCUMENTATION_COMMENTS = YES;
				CLANG_WARN_EMPTY_BODY = YES;
				CLANG_WARN_ENUM_CONVERSION = YES;
				CLANG_WARN_INFINITE_RECURSION = YES;
				CLANG_WARN_INT_CONVERSION = YES;
				CLANG_WARN_NON_LITERAL_NULL_CONVERSION = YES;
				CLANG_WARN_OBJC_IMPLICIT_RETAIN_SELF = YES;
				CLANG_WARN_OBJC_LITERAL_CONVERSION = YES;
				CLANG_WARN_OBJC_ROOT_CLASS = YES_ERROR;
				CLANG_WARN_QUOTED_INCLUDE_IN_FRAMEWORK_HEADER = YES;
				CLANG_WARN_RANGE_LOOP_ANALYSIS = YES;
				CLANG_WARN_STRICT_PROTOTYPES = YES;
				CLANG_WARN_SUSPICIOUS_MOVE = YES;
				CLANG_WARN_UNGUARDED_AVAILABILITY = YES_AGGRESSIVE;
				CLANG_WARN_UNREACHABLE_CODE = YES;
				CLANG_WARN__DUPLICATE_METHOD_MATCH = YES;
				COPY_PHASE_STRIP = NO;
				DEBUG_INFORMATION_FORMAT = "dwarf-with-dsym";
				ENABLE_NS_ASSERTIONS = NO;
				ENABLE_STRICT_OBJC_MSGSEND = YES;
				GCC_C_LANGUAGE_STANDARD = gnu11;
				GCC_NO_COMMON_BLOCKS = YES;
				GCC_WARN_64_TO_32_BIT_CONVERSION = YES;
				GCC_WARN_ABOUT_RETURN_TYPE = YES_ERROR;
				GCC_WARN_UNDECLARED_SELECTOR = YES;
				GCC_WARN_UNINITIALIZED_AUTOS = YES_AGGRESSIVE;
				GCC_WARN_UNUSED_FUNCTION = YES;
				GCC_WARN_UNUSED_VARIABLE = YES;
				MACOSX_DEPLOYMENT_TARGET = 10.15;
				MTL_ENABLE_DEBUG_INFO = NO;
				MTL_FAST_MATH = YES;
				SDKROOT = macosx;
			};
			name = Release;
		};
		B1E1DAAF25330C1400AAD1C8 /* Debug */ = {
			isa = XCBuildConfiguration;
			buildSettings = {
				CODE_SIGN_STYLE = Automatic;
				FRAMEWORK_SEARCH_PATHS = (
					"$(inherited)",
					"$(LOCAL_LIBRARY_DIR)/Frameworks",
				);
				HEADER_SEARCH_PATHS = /usr/local/Cellar/ffmpeg/4.3.1_1/include;
				LIBRARY_SEARCH_PATHS = (
					"$(inherited)",
					/usr/local/Cellar/ffmpeg/4.3.1_1/lib,
				);
				PRODUCT_NAME = "$(TARGET_NAME)";
			};
			name = Debug;
		};
		B1E1DAB025330C1400AAD1C8 /* Release */ = {
			isa = XCBuildConfiguration;
			buildSettings = {
				CODE_SIGN_STYLE = Automatic;
				FRAMEWORK_SEARCH_PATHS = (
					"$(inherited)",
					"$(LOCAL_LIBRARY_DIR)/Frameworks",
				);
				HEADER_SEARCH_PATHS = /usr/local/Cellar/ffmpeg/4.3.1_1/include;
				LIBRARY_SEARCH_PATHS = (
					"$(inherited)",
					/usr/local/Cellar/ffmpeg/4.3.1_1/lib,
				);
				PRODUCT_NAME = "$(TARGET_NAME)";
			};
			name = Release;
		};
/* End XCBuildConfiguration section */

/* Begin XCConfigurationList section */
		B1E1DAA225330C1400AAD1C8 /* Build configuration list for PBXProject "tutorial02" */ = {
			isa = XCConfigurationList;
			buildConfigurations = (
				B1E1DAAC25330C1400AAD1C8 /* Debug */,
				B1E1DAAD25330C1400AAD1C8 /* Release */,
			);
			defaultConfigurationIsVisible = 0;
			defaultConfigurationName = Release;
		};
		B1E1DAAE25330C1400AAD1C8 /* Build configuration list for PBXNativeTarget "tutorial02" */ = {
			isa = XCConfigurationList;
			buildConfigurations = (
				B1E1DAAF25330C1400AAD1C8 /* Debug */,
				B1E1DAB025330C1400AAD1C8 /* Release */,
			);
			defaultConfigurationIsVisible = 0;
			defaultConfigurationName = Release;
		};
/* End XCConfigurationList section */
	};
	rootObject = B1E1DA9F25330C1400AAD1C8 /* Project object */;
}
